// !$*UTF8*$!
{
	archiveVersion = 1;
	classes = {
	};
	objectVersion = 56;
	objects = {

/* Begin PBXBuildFile section */
		F4BF587A2B1F02640070B197 /* AppDelegate.swift in Sources */ = {isa = PBXBuildFile; fileRef = F4BF58792B1F02640070B197 /* AppDelegate.swift */; };
		F4BF587C2B1F02640070B197 /* SceneDelegate.swift in Sources */ = {isa = PBXBuildFile; fileRef = F4BF587B2B1F02640070B197 /* SceneDelegate.swift */; };
		F4BF587E2B1F02640070B197 /* ViewController.swift in Sources */ = {isa = PBXBuildFile; fileRef = F4BF587D2B1F02640070B197 /* ViewController.swift */; };
		F4BF58812B1F02640070B197 /* Main.storyboard in Resources */ = {isa = PBXBuildFile; fileRef = F4BF587F2B1F02640070B197 /* Main.storyboard */; };
		F4BF58832B1F02650070B197 /* Assets.xcassets in Resources */ = {isa = PBXBuildFile; fileRef = F4BF58822B1F02650070B197 /* Assets.xcassets */; };
		F4BF58862B1F02650070B197 /* LaunchScreen.storyboard in Resources */ = {isa = PBXBuildFile; fileRef = F4BF58842B1F02650070B197 /* LaunchScreen.storyboard */; };
		F4BF588E2B1F02900070B197 /* File.swift in Sources */ = {isa = PBXBuildFile; fileRef = F4BF588D2B1F02900070B197 /* File.swift */; };
		F4BF58902B1F03EC0070B197 /* input.txt in Resources */ = {isa = PBXBuildFile; fileRef = F4BF588F2B1F03EC0070B197 /* input.txt */; };
		F4BF58922B1F04450070B197 /* input-mini.txt in Resources */ = {isa = PBXBuildFile; fileRef = F4BF58912B1F04450070B197 /* input-mini.txt */; };
/* End PBXBuildFile section */

/* Begin PBXFileReference section */
		F4BF58762B1F02640070B197 /* AoC23-5a.app */ = {isa = PBXFileReference; explicitFileType = wrapper.application; includeInIndex = 0; path = "AoC23-5a.app"; sourceTree = BUILT_PRODUCTS_DIR; };
		F4BF58792B1F02640070B197 /* AppDelegate.swift */ = {isa = PBXFileReference; lastKnownFileType = sourcecode.swift; path = AppDelegate.swift; sourceTree = "<group>"; };
		F4BF587B2B1F02640070B197 /* SceneDelegate.swift */ = {isa = PBXFileReference; lastKnownFileType = sourcecode.swift; path = SceneDelegate.swift; sourceTree = "<group>"; };
		F4BF587D2B1F02640070B197 /* ViewController.swift */ = {isa = PBXFileReference; lastKnownFileType = sourcecode.swift; path = ViewController.swift; sourceTree = "<group>"; };
		F4BF58802B1F02640070B197 /* Base */ = {isa = PBXFileReference; lastKnownFileType = file.storyboard; name = Base; path = Base.lproj/Main.storyboard; sourceTree = "<group>"; };
		F4BF58822B1F02650070B197 /* Assets.xcassets */ = {isa = PBXFileReference; lastKnownFileType = folder.assetcatalog; path = Assets.xcassets; sourceTree = "<group>"; };
		F4BF58852B1F02650070B197 /* Base */ = {isa = PBXFileReference; lastKnownFileType = file.storyboard; name = Base; path = Base.lproj/LaunchScreen.storyboard; sourceTree = "<group>"; };
		F4BF58872B1F02650070B197 /* Info.plist */ = {isa = PBXFileReference; lastKnownFileType = text.plist.xml; path = Info.plist; sourceTree = "<group>"; };
		F4BF588D2B1F02900070B197 /* File.swift */ = {isa = PBXFileReference; lastKnownFileType = sourcecode.swift; path = File.swift; sourceTree = "<group>"; };
		F4BF588F2B1F03EC0070B197 /* input.txt */ = {isa = PBXFileReference; lastKnownFileType = text; path = input.txt; sourceTree = "<group>"; };
		F4BF58912B1F04450070B197 /* input-mini.txt */ = {isa = PBXFileReference; lastKnownFileType = text; path = "input-mini.txt"; sourceTree = "<group>"; };
/* End PBXFileReference section */

/* Begin PBXFrameworksBuildPhase section */
		F4BF58732B1F02640070B197 /* Frameworks */ = {
			isa = PBXFrameworksBuildPhase;
			buildActionMask = 2147483647;
			files = (
			);
			runOnlyForDeploymentPostprocessing = 0;
		};
/* End PBXFrameworksBuildPhase section */

/* Begin PBXGroup section */
		F4BF586D2B1F02640070B197 = {
			isa = PBXGroup;
			children = (
				F4BF58782B1F02640070B197 /* AoC23-5a */,
				F4BF58772B1F02640070B197 /* Products */,
			);
			sourceTree = "<group>";
		};
		F4BF58772B1F02640070B197 /* Products */ = {
			isa = PBXGroup;
			children = (
				F4BF58762B1F02640070B197 /* AoC23-5a.app */,
			);
			name = Products;
			sourceTree = "<group>";
		};
		F4BF58782B1F02640070B197 /* AoC23-5a */ = {
			isa = PBXGroup;
			children = (
				F4BF588F2B1F03EC0070B197 /* input.txt */,
				F4BF58912B1F04450070B197 /* input-mini.txt */,
				F4BF58792B1F02640070B197 /* AppDelegate.swift */,
				F4BF587B2B1F02640070B197 /* SceneDelegate.swift */,
				F4BF587D2B1F02640070B197 /* ViewController.swift */,
				F4BF588D2B1F02900070B197 /* File.swift */,
				F4BF587F2B1F02640070B197 /* Main.storyboard */,
				F4BF58822B1F02650070B197 /* Assets.xcassets */,
				F4BF58842B1F02650070B197 /* LaunchScreen.storyboard */,
				F4BF58872B1F02650070B197 /* Info.plist */,
			);
			path = "AoC23-5a";
			sourceTree = "<group>";
		};
/* End PBXGroup section */

/* Begin PBXNativeTarget section */
		F4BF58752B1F02640070B197 /* AoC23-5a */ = {
			isa = PBXNativeTarget;
			buildConfigurationList = F4BF588A2B1F02650070B197 /* Build configuration list for PBXNativeTarget "AoC23-5a" */;
			buildPhases = (
				F4BF58722B1F02640070B197 /* Sources */,
				F4BF58732B1F02640070B197 /* Frameworks */,
				F4BF58742B1F02640070B197 /* Resources */,
			);
			buildRules = (
			);
			dependencies = (
			);
			name = "AoC23-5a";
			productName = "AoC23-5a";
			productReference = F4BF58762B1F02640070B197 /* AoC23-5a.app */;
			productType = "com.apple.product-type.application";
		};
/* End PBXNativeTarget section */

/* Begin PBXProject section */
		F4BF586E2B1F02640070B197 /* Project object */ = {
			isa = PBXProject;
			attributes = {
				BuildIndependentTargetsInParallel = 1;
				LastSwiftUpdateCheck = 1500;
				LastUpgradeCheck = 1500;
				TargetAttributes = {
					F4BF58752B1F02640070B197 = {
						CreatedOnToolsVersion = 15.0;
					};
				};
			};
			buildConfigurationList = F4BF58712B1F02640070B197 /* Build configuration list for PBXProject "AoC23-5a" */;
			compatibilityVersion = "Xcode 14.0";
			developmentRegion = en;
			hasScannedForEncodings = 0;
			knownRegions = (
				en,
				Base,
			);
			mainGroup = F4BF586D2B1F02640070B197;
			productRefGroup = F4BF58772B1F02640070B197 /* Products */;
			projectDirPath = "";
			projectRoot = "";
			targets = (
				F4BF58752B1F02640070B197 /* AoC23-5a */,
			);
		};
/* End PBXProject section */

/* Begin PBXResourcesBuildPhase section */
		F4BF58742B1F02640070B197 /* Resources */ = {
			isa = PBXResourcesBuildPhase;
			buildActionMask = 2147483647;
			files = (
				F4BF58862B1F02650070B197 /* LaunchScreen.storyboard in Resources */,
				F4BF58832B1F02650070B197 /* Assets.xcassets in Resources */,
				F4BF58812B1F02640070B197 /* Main.storyboard in Resources */,
				F4BF58902B1F03EC0070B197 /* input.txt in Resources */,
				F4BF58922B1F04450070B197 /* input-mini.txt in Resources */,
			);
			runOnlyForDeploymentPostprocessing = 0;
		};
/* End PBXResourcesBuildPhase section */

/* Begin PBXSourcesBuildPhase section */
		F4BF58722B1F02640070B197 /* Sources */ = {
			isa = PBXSourcesBuildPhase;
			buildActionMask = 2147483647;
			files = (
				F4BF587E2B1F02640070B197 /* ViewController.swift in Sources */,
				F4BF588E2B1F02900070B197 /* File.swift in Sources */,
				F4BF587A2B1F02640070B197 /* AppDelegate.swift in Sources */,
				F4BF587C2B1F02640070B197 /* SceneDelegate.swift in Sources */,
			);
			runOnlyForDeploymentPostprocessing = 0;
		};
/* End PBXSourcesBuildPhase section */

/* Begin PBXVariantGroup section */
		F4BF587F2B1F02640070B197 /* Main.storyboard */ = {
			isa = PBXVariantGroup;
			children = (
				F4BF58802B1F02640070B197 /* Base */,
			);
			name = Main.storyboard;
			sourceTree = "<group>";
		};
		F4BF58842B1F02650070B197 /* LaunchScreen.storyboard */ = {
			isa = PBXVariantGroup;
			children = (
				F4BF58852B1F02650070B197 /* Base */,
			);
			name = LaunchScreen.storyboard;
			sourceTree = "<group>";
		};
/* End PBXVariantGroup section */

/* Begin XCBuildConfiguration section */
		F4BF58882B1F02650070B197 /* Debug */ = {
			isa = XCBuildConfiguration;
			buildSettings = {
				ALWAYS_SEARCH_USER_PATHS = NO;
				ASSETCATALOG_COMPILER_GENERATE_SWIFT_ASSET_SYMBOL_EXTENSIONS = YES;
				CLANG_ANALYZER_NONNULL = YES;
				CLANG_ANALYZER_NUMBER_OBJECT_CONVERSION = YES_AGGRESSIVE;
				CLANG_CXX_LANGUAGE_STANDARD = "gnu++20";
				CLANG_ENABLE_MODULES = YES;
				CLANG_ENABLE_OBJC_ARC = YES;
				CLANG_ENABLE_OBJC_WEAK = YES;
				CLANG_WARN_BLOCK_CAPTURE_AUTORELEASING = YES;
				CLANG_WARN_BOOL_CONVERSION = YES;
				CLANG_WARN_COMMA = YES;
				CLANG_WARN_CONSTANT_CONVERSION = YES;
				CLANG_WARN_DEPRECATED_OBJC_IMPLEMENTATIONS = YES;
				CLANG_WARN_DIRECT_OBJC_ISA_USAGE = YES_ERROR;
				CLANG_WARN_DOCUMENTATION_COMMENTS = YES;
				CLANG_WARN_EMPTY_BODY = YES;
				CLANG_WARN_ENUM_CONVERSION = YES;
				CLANG_WARN_INFINITE_RECURSION = YES;
				CLANG_WARN_INT_CONVERSION = YES;
				CLANG_WARN_NON_LITERAL_NULL_CONVERSION = YES;
				CLANG_WARN_OBJC_IMPLICIT_RETAIN_SELF = YES;
				CLANG_WARN_OBJC_LITERAL_CONVERSION = YES;
				CLANG_WARN_OBJC_ROOT_CLASS = YES_ERROR;
				CLANG_WARN_QUOTED_INCLUDE_IN_FRAMEWORK_HEADER = YES;
				CLANG_WARN_RANGE_LOOP_ANALYSIS = YES;
				CLANG_WARN_STRICT_PROTOTYPES = YES;
				CLANG_WARN_SUSPICIOUS_MOVE = YES;
				CLANG_WARN_UNGUARDED_AVAILABILITY = YES_AGGRESSIVE;
				CLANG_WARN_UNREACHABLE_CODE = YES;
				CLANG_WARN__DUPLICATE_METHOD_MATCH = YES;
				COPY_PHASE_STRIP = NO;
				DEBUG_INFORMATION_FORMAT = dwarf;
				ENABLE_STRICT_OBJC_MSGSEND = YES;
				ENABLE_TESTABILITY = YES;
				ENABLE_USER_SCRIPT_SANDBOXING = YES;
				GCC_C_LANGUAGE_STANDARD = gnu17;
				GCC_DYNAMIC_NO_PIC = NO;
				GCC_NO_COMMON_BLOCKS = YES;
				GCC_OPTIMIZATION_LEVEL = 0;
				GCC_PREPROCESSOR_DEFINITIONS = (
					"DEBUG=1",
					"$(inherited)",
				);
				GCC_WARN_64_TO_32_BIT_CONVERSION = YES;
				GCC_WARN_ABOUT_RETURN_TYPE = YES_ERROR;
				GCC_WARN_UNDECLARED_SELECTOR = YES;
				GCC_WARN_UNINITIALIZED_AUTOS = YES_AGGRESSIVE;
				GCC_WARN_UNUSED_FUNCTION = YES;
				GCC_WARN_UNUSED_VARIABLE = YES;
				IPHONEOS_DEPLOYMENT_TARGET = 17.0;
				LOCALIZATION_PREFERS_STRING_CATALOGS = YES;
				MTL_ENABLE_DEBUG_INFO = INCLUDE_SOURCE;
				MTL_FAST_MATH = YES;
				ONLY_ACTIVE_ARCH = YES;
				SDKROOT = iphoneos;
				SWIFT_ACTIVE_COMPILATION_CONDITIONS = "DEBUG $(inherited)";
				SWIFT_OPTIMIZATION_LEVEL = "-Onone";
			};
			name = Debug;
		};
		F4BF58892B1F02650070B197 /* Release */ = {
			isa = XCBuildConfiguration;
			buildSettings = {
				ALWAYS_SEARCH_USER_PATHS = NO;
				ASSETCATALOG_COMPILER_GENERATE_SWIFT_ASSET_SYMBOL_EXTENSIONS = YES;
				CLANG_ANALYZER_NONNULL = YES;
				CLANG_ANALYZER_NUMBER_OBJECT_CONVERSION = YES_AGGRESSIVE;
				CLANG_CXX_LANGUAGE_STANDARD = "gnu++20";
				CLANG_ENABLE_MODULES = YES;
				CLANG_ENABLE_OBJC_ARC = YES;
				CLANG_ENABLE_OBJC_WEAK = YES;
				CLANG_WARN_BLOCK_CAPTURE_AUTORELEASING = YES;
				CLANG_WARN_BOOL_CONVERSION = YES;
				CLANG_WARN_COMMA = YES;
				CLANG_WARN_CONSTANT_CONVERSION = YES;
				CLANG_WARN_DEPRECATED_OBJC_IMPLEMENTATIONS = YES;
				CLANG_WARN_DIRECT_OBJC_ISA_USAGE = YES_ERROR;
				CLANG_WARN_DOCUMENTATION_COMMENTS = YES;
				CLANG_WARN_EMPTY_BODY = YES;
				CLANG_WARN_ENUM_CONVERSION = YES;
				CLANG_WARN_INFINITE_RECURSION = YES;
				CLANG_WARN_INT_CONVERSION = YES;
				CLANG_WARN_NON_LITERAL_NULL_CONVERSION = YES;
				CLANG_WARN_OBJC_IMPLICIT_RETAIN_SELF = YES;
				CLANG_WARN_OBJC_LITERAL_CONVERSION = YES;
				CLANG_WARN_OBJC_ROOT_CLASS = YES_ERROR;
				CLANG_WARN_QUOTED_INCLUDE_IN_FRAMEWORK_HEADER = YES;
				CLANG_WARN_RANGE_LOOP_ANALYSIS = YES;
				CLANG_WARN_STRICT_PROTOTYPES = YES;
				CLANG_WARN_SUSPICIOUS_MOVE = YES;
				CLANG_WARN_UNGUARDED_AVAILABILITY = YES_AGGRESSIVE;
				CLANG_WARN_UNREACHABLE_CODE = YES;
				CLANG_WARN__DUPLICATE_METHOD_MATCH = YES;
				COPY_PHASE_STRIP = NO;
				DEBUG_INFORMATION_FORMAT = "dwarf-with-dsym";
				ENABLE_NS_ASSERTIONS = NO;
				ENABLE_STRICT_OBJC_MSGSEND = YES;
				ENABLE_USER_SCRIPT_SANDBOXING = YES;
				GCC_C_LANGUAGE_STANDARD = gnu17;
				GCC_NO_COMMON_BLOCKS = YES;
				GCC_WARN_64_TO_32_BIT_CONVERSION = YES;
				GCC_WARN_ABOUT_RETURN_TYPE = YES_ERROR;
				GCC_WARN_UNDECLARED_SELECTOR = YES;
				GCC_WARN_UNINITIALIZED_AUTOS = YES_AGGRESSIVE;
				GCC_WARN_UNUSED_FUNCTION = YES;
				GCC_WARN_UNUSED_VARIABLE = YES;
				IPHONEOS_DEPLOYMENT_TARGET = 17.0;
				LOCALIZATION_PREFERS_STRING_CATALOGS = YES;
				MTL_ENABLE_DEBUG_INFO = NO;
				MTL_FAST_MATH = YES;
				SDKROOT = iphoneos;
				SWIFT_COMPILATION_MODE = wholemodule;
				VALIDATE_PRODUCT = YES;
			};
			name = Release;
		};
		F4BF588B2B1F02650070B197 /* Debug */ = {
			isa = XCBuildConfiguration;
			buildSettings = {
				ASSETCATALOG_COMPILER_APPICON_NAME = AppIcon;
				ASSETCATALOG_COMPILER_GLOBAL_ACCENT_COLOR_NAME = AccentColor;
				CODE_SIGN_STYLE = Automatic;
				CURRENT_PROJECT_VERSION = 1;
				DEVELOPMENT_TEAM = YB2S6B9WKX;
				GENERATE_INFOPLIST_FILE = YES;
				INFOPLIST_FILE = "AoC23-5a/Info.plist";
				INFOPLIST_KEY_UIApplicationSupportsIndirectInputEvents = YES;
				INFOPLIST_KEY_UILaunchStoryboardName = LaunchScreen;
				INFOPLIST_KEY_UIMainStoryboardFile = Main;
				INFOPLIST_KEY_UISupportedInterfaceOrientations_iPad = "UIInterfaceOrientationPortrait UIInterfaceOrientationPortraitUpsideDown UIInterfaceOrientationLandscapeLeft UIInterfaceOrientationLandscapeRight";
				INFOPLIST_KEY_UISupportedInterfaceOrientations_iPhone = "UIInterfaceOrientationPortrait UIInterfaceOrientationLandscapeLeft UIInterfaceOrientationLandscapeRight";
				LD_RUNPATH_SEARCH_PATHS = (
					"$(inherited)",
					"@executable_path/Frameworks",
				);
				MARKETING_VERSION = 1.0;
				PRODUCT_BUNDLE_IDENTIFIER = "com.madbar.AoC23-5a";
				PRODUCT_NAME = "$(TARGET_NAME)";
				SWIFT_EMIT_LOC_STRINGS = YES;
				SWIFT_VERSION = 5.0;
				TARGETED_DEVICE_FAMILY = "1,2";
			};
			name = Debug;
		};
		F4BF588C2B1F02650070B197 /* Release */ = {
			isa = XCBuildConfiguration;
			buildSettings = {
				ASSETCATALOG_COMPILER_APPICON_NAME = AppIcon;
				ASSETCATALOG_COMPILER_GLOBAL_ACCENT_COLOR_NAME = AccentColor;
				CODE_SIGN_STYLE = Automatic;
				CURRENT_PROJECT_VERSION = 1;
				DEVELOPMENT_TEAM = YB2S6B9WKX;
				GENERATE_INFOPLIST_FILE = YES;
				INFOPLIST_FILE = "AoC23-5a/Info.plist";
				INFOPLIST_KEY_UIApplicationSupportsIndirectInputEvents = YES;
				INFOPLIST_KEY_UILaunchStoryboardName = LaunchScreen;
				INFOPLIST_KEY_UIMainStoryboardFile = Main;
				INFOPLIST_KEY_UISupportedInterfaceOrientations_iPad = "UIInterfaceOrientationPortrait UIInterfaceOrientationPortraitUpsideDown UIInterfaceOrientationLandscapeLeft UIInterfaceOrientationLandscapeRight";
				INFOPLIST_KEY_UISupportedInterfaceOrientations_iPhone = "UIInterfaceOrientationPortrait UIInterfaceOrientationLandscapeLeft UIInterfaceOrientationLandscapeRight";
				LD_RUNPATH_SEARCH_PATHS = (
					"$(inherited)",
					"@executable_path/Frameworks",
				);
				MARKETING_VERSION = 1.0;
				PRODUCT_BUNDLE_IDENTIFIER = "com.madbar.AoC23-5a";
				PRODUCT_NAME = "$(TARGET_NAME)";
				SWIFT_EMIT_LOC_STRINGS = YES;
				SWIFT_VERSION = 5.0;
				TARGETED_DEVICE_FAMILY = "1,2";
			};
			name = Release;
		};
/* End XCBuildConfiguration section */

/* Begin XCConfigurationList section */
		F4BF58712B1F02640070B197 /* Build configuration list for PBXProject "AoC23-5a" */ = {
			isa = XCConfigurationList;
			buildConfigurations = (
				F4BF58882B1F02650070B197 /* Debug */,
				F4BF58892B1F02650070B197 /* Release */,
			);
			defaultConfigurationIsVisible = 0;
			defaultConfigurationName = Release;
		};
		F4BF588A2B1F02650070B197 /* Build configuration list for PBXNativeTarget "AoC23-5a" */ = {
			isa = XCConfigurationList;
			buildConfigurations = (
				F4BF588B2B1F02650070B197 /* Debug */,
				F4BF588C2B1F02650070B197 /* Release */,
			);
			defaultConfigurationIsVisible = 0;
			defaultConfigurationName = Release;
		};
/* End XCConfigurationList section */
	};
	rootObject = F4BF586E2B1F02640070B197 /* Project object */;
}
